
Microsoft Visual Studio Solution File, Format Version 12.00
# Visual Studio Version 17
VisualStudioVersion = 17.6.33723.286
MinimumVisualStudioVersion = 10.0.40219.1
Project("{9A19103F-16F7-4668-BE54-9A1E7A4F7556}") = "WebAppCommandProject", "WebAppCommandProject\WebAppCommandProject.csproj", "{27AEE093-12F1-4510-BD18-65C980D73A17}"
EndProject
Global
	GlobalSection(SolutionConfigurationPlatforms) = preSolution
		Debug|Any CPU = Debug|Any CPU
		Release|Any CPU = Release|Any CPU
	EndGlobalSection
	GlobalSection(ProjectConfigurationPlatforms) = postSolution
		{27AEE093-12F1-4510-BD18-65C980D73A17}.Debug|Any CPU.ActiveCfg = Debug|Any CPU
		{27AEE093-12F1-4510-BD18-65C980D73A17}.Debug|Any CPU.Build.0 = Debug|Any CPU
		{27AEE093-12F1-4510-BD18-65C980D73A17}.Release|Any CPU.ActiveCfg = Release|Any CPU
		{27AEE093-12F1-4510-BD18-65C980D73A17}.Release|Any CPU.Build.0 = Release|Any CPU
	EndGlobalSection
	GlobalSection(SolutionProperties) = preSolution
		HideSolutionNode = FALSE
	EndGlobalSection
	GlobalSection(ExtensibilityGlobals) = postSolution
		SolutionGuid = {2EF761D5-F068-4A73-815D-DF68C059E2D5}
	EndGlobalSection
EndGlobal
